
Microsoft Visual Studio Solution File, Format Version 12.00
# Visual Studio Version 16
VisualStudioVersion = 16.0.30413.136
MinimumVisualStudioVersion = 10.0.40219.1
Project("{FAE04EC0-301F-11D3-BF4B-00C04F79EFBC}") = "BehaviourAnalysis.App", "BehaviourAnalysis.App\BehaviourAnalysis.App.csproj", "{0E487DB9-EE62-4D48-8EDE-97EE3F04FDF6}"
EndProject
Global
	GlobalSection(SolutionConfigurationPlatforms) = preSolution
		Debug|Any CPU = Debug|Any CPU
		Release|Any CPU = Release|Any CPU
	EndGlobalSection
	GlobalSection(ProjectConfigurationPlatforms) = postSolution
		{0E487DB9-EE62-4D48-8EDE-97EE3F04FDF6}.Debug|Any CPU.ActiveCfg = Debug|Any CPU
		{0E487DB9-EE62-4D48-8EDE-97EE3F04FDF6}.Debug|Any CPU.Build.0 = Debug|Any CPU
		{0E487DB9-EE62-4D48-8EDE-97EE3F04FDF6}.Release|Any CPU.ActiveCfg = Release|Any CPU
		{0E487DB9-EE62-4D48-8EDE-97EE3F04FDF6}.Release|Any CPU.Build.0 = Release|Any CPU
	EndGlobalSection
	GlobalSection(SolutionProperties) = preSolution
		HideSolutionNode = FALSE
	EndGlobalSection
	GlobalSection(ExtensibilityGlobals) = postSolution
		SolutionGuid = {F06173B3-7731-47DE-ABB4-885BAFC89E93}
	EndGlobalSection
EndGlobal
